
Microsoft Visual Studio Solution File, Format Version 12.00
# Visual Studio 15
VisualStudioVersion = 15.0.26228.12
MinimumVisualStudioVersion = 10.0.40219.1
Project("{FAE04EC0-301F-11D3-BF4B-00C04F79EFBC}") = "ModelGenerator", "ModelGenerator\ModelGenerator.csproj", "{F8620BA7-F663-424D-AA9B-766A14DAF124}"
EndProject
Project("{FAE04EC0-301F-11D3-BF4B-00C04F79EFBC}") = "SampleSite", "SampleSite\SampleSite.csproj", "{0872A3F4-E239-401B-A512-1215ADCB8253}"
EndProject
Project("{FAE04EC0-301F-11D3-BF4B-00C04F79EFBC}") = "RedoxApi", "RedoxApi\RedoxApi.csproj", "{A51C6146-371C-446C-895F-92AB3BBCAB9E}"
EndProject
Global
	GlobalSection(SolutionConfigurationPlatforms) = preSolution
		Debug|Any CPU = Debug|Any CPU
		Release|Any CPU = Release|Any CPU
	EndGlobalSection
	GlobalSection(ProjectConfigurationPlatforms) = postSolution
		{F8620BA7-F663-424D-AA9B-766A14DAF124}.Debug|Any CPU.ActiveCfg = Debug|Any CPU
		{F8620BA7-F663-424D-AA9B-766A14DAF124}.Debug|Any CPU.Build.0 = Debug|Any CPU
		{F8620BA7-F663-424D-AA9B-766A14DAF124}.Release|Any CPU.ActiveCfg = Release|Any CPU
		{F8620BA7-F663-424D-AA9B-766A14DAF124}.Release|Any CPU.Build.0 = Release|Any CPU
		{0872A3F4-E239-401B-A512-1215ADCB8253}.Debug|Any CPU.ActiveCfg = Debug|Any CPU
		{0872A3F4-E239-401B-A512-1215ADCB8253}.Debug|Any CPU.Build.0 = Debug|Any CPU
		{0872A3F4-E239-401B-A512-1215ADCB8253}.Release|Any CPU.ActiveCfg = Release|Any CPU
		{0872A3F4-E239-401B-A512-1215ADCB8253}.Release|Any CPU.Build.0 = Release|Any CPU
		{A51C6146-371C-446C-895F-92AB3BBCAB9E}.Debug|Any CPU.ActiveCfg = Debug|Any CPU
		{A51C6146-371C-446C-895F-92AB3BBCAB9E}.Debug|Any CPU.Build.0 = Debug|Any CPU
		{A51C6146-371C-446C-895F-92AB3BBCAB9E}.Release|Any CPU.ActiveCfg = Release|Any CPU
		{A51C6146-371C-446C-895F-92AB3BBCAB9E}.Release|Any CPU.Build.0 = Release|Any CPU
	EndGlobalSection
	GlobalSection(SolutionProperties) = preSolution
		HideSolutionNode = FALSE
	EndGlobalSection
EndGlobal
